
Microsoft Visual Studio Solution File, Format Version 12.00
# Visual Studio Version 17
VisualStudioVersion = 17.0.31903.59
MinimumVisualStudioVersion = 10.0.40219.1
Project("{2150E333-8FDC-42A3-9474-1A3956D46DE8}") = "src", "src", "{827E0CD3-B72D-47B6-A68D-7590B98EB39B}"
EndProject
Project("{FAE04EC0-301F-11D3-BF4B-00C04F79EFBC}") = "RAG.Orchestrator.Api", "src\RAG.Orchestrator.Api\RAG.Orchestrator.Api.csproj", "{81BDC31C-C97D-4762-925D-A3F49B46BE89}"
EndProject
Project("{FAE04EC0-301F-11D3-BF4B-00C04F79EFBC}") = "RAG.Ingestion.Worker", "src\RAG.Ingestion.Worker\RAG.Ingestion.Worker.csproj", "{E331902B-413A-477B-B655-490593F04FF3}"
EndProject
Project("{FAE04EC0-301F-11D3-BF4B-00C04F79EFBC}") = "RAG.Shared", "src\RAG.Shared\RAG.Shared.csproj", "{0C85D12E-36DE-4E98-A3C4-240025F527F8}"
EndProject
Project("{FAE04EC0-301F-11D3-BF4B-00C04F79EFBC}") = "RAG.VectorStores", "src\RAG.VectorStores\RAG.VectorStores.csproj", "{A596DD26-A92C-4177-BFCD-3C0534A7FE85}"
EndProject
Project("{FAE04EC0-301F-11D3-BF4B-00C04F79EFBC}") = "RAG.Security", "src\RAG.Security\RAG.Security.csproj", "{79411CD8-2A0C-4CEA-AD43-7161EA1CB4B3}"
EndProject
Project("{FAE04EC0-301F-11D3-BF4B-00C04F79EFBC}") = "RAG.Telemetry", "src\RAG.Telemetry\RAG.Telemetry.csproj", "{025C322D-035E-437D-A8D6-08C812B0BE7B}"
EndProject
Project("{2150E333-8FDC-42A3-9474-1A3956D46DE8}") = "plugins", "plugins", "{07D57EEB-2F50-60C4-C011-FE4FA775C9A8}"
EndProject
Project("{FAE04EC0-301F-11D3-BF4B-00C04F79EFBC}") = "OracleSqlPlugin", "src\RAG.Plugins\OracleSqlPlugin\OracleSqlPlugin.csproj", "{0C80B2E4-5E8C-475C-806B-A254A3D149B8}"
EndProject
Project("{FAE04EC0-301F-11D3-BF4B-00C04F79EFBC}") = "IfsSopPlugin", "src\RAG.Plugins\IfsSopPlugin\IfsSopPlugin.csproj", "{DAE8CB8C-5FB8-420D-AFD1-0C92C2C449E4}"
EndProject
Project("{FAE04EC0-301F-11D3-BF4B-00C04F79EFBC}") = "BizProcessPlugin", "src\RAG.Plugins\BizProcessPlugin\BizProcessPlugin.csproj", "{188FE53E-D689-4306-A1BB-58CA6F0F67CC}"
EndProject
Project("{2150E333-8FDC-42A3-9474-1A3956D46DE8}") = "connectors", "connectors", "{A328B835-4990-6931-34B9-ABE689D5831A}"
EndProject
Project("{FAE04EC0-301F-11D3-BF4B-00C04F79EFBC}") = "Elastic", "src\RAG.Connectors\Elastic\Elastic.csproj", "{0EAE0BC5-2C99-48F1-B1FA-920F118475BE}"
EndProject
Project("{FAE04EC0-301F-11D3-BF4B-00C04F79EFBC}") = "Oracle", "src\RAG.Connectors\Oracle\Oracle.csproj", "{56623A76-4FEA-4B22-8C4F-F384D4CE659F}"
EndProject
Project("{FAE04EC0-301F-11D3-BF4B-00C04F79EFBC}") = "Files", "src\RAG.Connectors\Files\Files.csproj", "{BE474B51-884A-4A55-BFEF-1E0DA9F351AE}"
EndProject
Project("{2150E333-8FDC-42A3-9474-1A3956D46DE8}") = "tests", "tests", "{0AB3BF05-4346-4AA6-1389-037BE0695223}"
EndProject
Project("{FAE04EC0-301F-11D3-BF4B-00C04F79EFBC}") = "RAG.Tests", "src\RAG.Tests\RAG.Tests.csproj", "{B6D4ED0B-7D3A-4EE6-B11C-4DEA18605BD7}"
EndProject
Project("{FAE04EC0-301F-11D3-BF4B-00C04F79EFBC}") = "RAG.Collector", "src\RAG.Collector\RAG.Collector.csproj", "{CB6E2DB6-1F1A-4568-80E8-D81DA35C1814}"
EndProject
Global
	GlobalSection(SolutionConfigurationPlatforms) = preSolution
		Debug|Any CPU = Debug|Any CPU
		Debug|x64 = Debug|x64
		Debug|x86 = Debug|x86
		Release|Any CPU = Release|Any CPU
		Release|x64 = Release|x64
		Release|x86 = Release|x86
	EndGlobalSection
	GlobalSection(ProjectConfigurationPlatforms) = postSolution
		{81BDC31C-C97D-4762-925D-A3F49B46BE89}.Debug|Any CPU.ActiveCfg = Debug|Any CPU
		{81BDC31C-C97D-4762-925D-A3F49B46BE89}.Debug|Any CPU.Build.0 = Debug|Any CPU
		{81BDC31C-C97D-4762-925D-A3F49B46BE89}.Debug|x64.ActiveCfg = Debug|Any CPU
		{81BDC31C-C97D-4762-925D-A3F49B46BE89}.Debug|x64.Build.0 = Debug|Any CPU
		{81BDC31C-C97D-4762-925D-A3F49B46BE89}.Debug|x86.ActiveCfg = Debug|Any CPU
		{81BDC31C-C97D-4762-925D-A3F49B46BE89}.Debug|x86.Build.0 = Debug|Any CPU
		{81BDC31C-C97D-4762-925D-A3F49B46BE89}.Release|Any CPU.ActiveCfg = Release|Any CPU
		{81BDC31C-C97D-4762-925D-A3F49B46BE89}.Release|Any CPU.Build.0 = Release|Any CPU
		{81BDC31C-C97D-4762-925D-A3F49B46BE89}.Release|x64.ActiveCfg = Release|Any CPU
		{81BDC31C-C97D-4762-925D-A3F49B46BE89}.Release|x64.Build.0 = Release|Any CPU
		{81BDC31C-C97D-4762-925D-A3F49B46BE89}.Release|x86.ActiveCfg = Release|Any CPU
		{81BDC31C-C97D-4762-925D-A3F49B46BE89}.Release|x86.Build.0 = Release|Any CPU
		{E331902B-413A-477B-B655-490593F04FF3}.Debug|Any CPU.ActiveCfg = Debug|Any CPU
		{E331902B-413A-477B-B655-490593F04FF3}.Debug|Any CPU.Build.0 = Debug|Any CPU
		{E331902B-413A-477B-B655-490593F04FF3}.Debug|x64.ActiveCfg = Debug|Any CPU
		{E331902B-413A-477B-B655-490593F04FF3}.Debug|x64.Build.0 = Debug|Any CPU
		{E331902B-413A-477B-B655-490593F04FF3}.Debug|x86.ActiveCfg = Debug|Any CPU
		{E331902B-413A-477B-B655-490593F04FF3}.Debug|x86.Build.0 = Debug|Any CPU
		{E331902B-413A-477B-B655-490593F04FF3}.Release|Any CPU.ActiveCfg = Release|Any CPU
		{E331902B-413A-477B-B655-490593F04FF3}.Release|Any CPU.Build.0 = Release|Any CPU
		{E331902B-413A-477B-B655-490593F04FF3}.Release|x64.ActiveCfg = Release|Any CPU
		{E331902B-413A-477B-B655-490593F04FF3}.Release|x64.Build.0 = Release|Any CPU
		{E331902B-413A-477B-B655-490593F04FF3}.Release|x86.ActiveCfg = Release|Any CPU
		{E331902B-413A-477B-B655-490593F04FF3}.Release|x86.Build.0 = Release|Any CPU
		{0C85D12E-36DE-4E98-A3C4-240025F527F8}.Debug|Any CPU.ActiveCfg = Debug|Any CPU
		{0C85D12E-36DE-4E98-A3C4-240025F527F8}.Debug|Any CPU.Build.0 = Debug|Any CPU
		{0C85D12E-36DE-4E98-A3C4-240025F527F8}.Debug|x64.ActiveCfg = Debug|Any CPU
		{0C85D12E-36DE-4E98-A3C4-240025F527F8}.Debug|x64.Build.0 = Debug|Any CPU
		{0C85D12E-36DE-4E98-A3C4-240025F527F8}.Debug|x86.ActiveCfg = Debug|Any CPU
		{0C85D12E-36DE-4E98-A3C4-240025F527F8}.Debug|x86.Build.0 = Debug|Any CPU
		{0C85D12E-36DE-4E98-A3C4-240025F527F8}.Release|Any CPU.ActiveCfg = Release|Any CPU
		{0C85D12E-36DE-4E98-A3C4-240025F527F8}.Release|Any CPU.Build.0 = Release|Any CPU
		{0C85D12E-36DE-4E98-A3C4-240025F527F8}.Release|x64.ActiveCfg = Release|Any CPU
		{0C85D12E-36DE-4E98-A3C4-240025F527F8}.Release|x64.Build.0 = Release|Any CPU
		{0C85D12E-36DE-4E98-A3C4-240025F527F8}.Release|x86.ActiveCfg = Release|Any CPU
		{0C85D12E-36DE-4E98-A3C4-240025F527F8}.Release|x86.Build.0 = Release|Any CPU
		{A596DD26-A92C-4177-BFCD-3C0534A7FE85}.Debug|Any CPU.ActiveCfg = Debug|Any CPU
		{A596DD26-A92C-4177-BFCD-3C0534A7FE85}.Debug|Any CPU.Build.0 = Debug|Any CPU
		{A596DD26-A92C-4177-BFCD-3C0534A7FE85}.Debug|x64.ActiveCfg = Debug|Any CPU
		{A596DD26-A92C-4177-BFCD-3C0534A7FE85}.Debug|x64.Build.0 = Debug|Any CPU
		{A596DD26-A92C-4177-BFCD-3C0534A7FE85}.Debug|x86.ActiveCfg = Debug|Any CPU
		{A596DD26-A92C-4177-BFCD-3C0534A7FE85}.Debug|x86.Build.0 = Debug|Any CPU
		{A596DD26-A92C-4177-BFCD-3C0534A7FE85}.Release|Any CPU.ActiveCfg = Release|Any CPU
		{A596DD26-A92C-4177-BFCD-3C0534A7FE85}.Release|Any CPU.Build.0 = Release|Any CPU
		{A596DD26-A92C-4177-BFCD-3C0534A7FE85}.Release|x64.ActiveCfg = Release|Any CPU
		{A596DD26-A92C-4177-BFCD-3C0534A7FE85}.Release|x64.Build.0 = Release|Any CPU
		{A596DD26-A92C-4177-BFCD-3C0534A7FE85}.Release|x86.ActiveCfg = Release|Any CPU
		{A596DD26-A92C-4177-BFCD-3C0534A7FE85}.Release|x86.Build.0 = Release|Any CPU
		{79411CD8-2A0C-4CEA-AD43-7161EA1CB4B3}.Debug|Any CPU.ActiveCfg = Debug|Any CPU
		{79411CD8-2A0C-4CEA-AD43-7161EA1CB4B3}.Debug|Any CPU.Build.0 = Debug|Any CPU
		{79411CD8-2A0C-4CEA-AD43-7161EA1CB4B3}.Debug|x64.ActiveCfg = Debug|Any CPU
		{79411CD8-2A0C-4CEA-AD43-7161EA1CB4B3}.Debug|x64.Build.0 = Debug|Any CPU
		{79411CD8-2A0C-4CEA-AD43-7161EA1CB4B3}.Debug|x86.ActiveCfg = Debug|Any CPU
		{79411CD8-2A0C-4CEA-AD43-7161EA1CB4B3}.Debug|x86.Build.0 = Debug|Any CPU
		{79411CD8-2A0C-4CEA-AD43-7161EA1CB4B3}.Release|Any CPU.ActiveCfg = Release|Any CPU
		{79411CD8-2A0C-4CEA-AD43-7161EA1CB4B3}.Release|Any CPU.Build.0 = Release|Any CPU
		{79411CD8-2A0C-4CEA-AD43-7161EA1CB4B3}.Release|x64.ActiveCfg = Release|Any CPU
		{79411CD8-2A0C-4CEA-AD43-7161EA1CB4B3}.Release|x64.Build.0 = Release|Any CPU
		{79411CD8-2A0C-4CEA-AD43-7161EA1CB4B3}.Release|x86.ActiveCfg = Release|Any CPU
		{79411CD8-2A0C-4CEA-AD43-7161EA1CB4B3}.Release|x86.Build.0 = Release|Any CPU
		{025C322D-035E-437D-A8D6-08C812B0BE7B}.Debug|Any CPU.ActiveCfg = Debug|Any CPU
		{025C322D-035E-437D-A8D6-08C812B0BE7B}.Debug|Any CPU.Build.0 = Debug|Any CPU
		{025C322D-035E-437D-A8D6-08C812B0BE7B}.Debug|x64.ActiveCfg = Debug|Any CPU
		{025C322D-035E-437D-A8D6-08C812B0BE7B}.Debug|x64.Build.0 = Debug|Any CPU
		{025C322D-035E-437D-A8D6-08C812B0BE7B}.Debug|x86.ActiveCfg = Debug|Any CPU
		{025C322D-035E-437D-A8D6-08C812B0BE7B}.Debug|x86.Build.0 = Debug|Any CPU
		{025C322D-035E-437D-A8D6-08C812B0BE7B}.Release|Any CPU.ActiveCfg = Release|Any CPU
		{025C322D-035E-437D-A8D6-08C812B0BE7B}.Release|Any CPU.Build.0 = Release|Any CPU
		{025C322D-035E-437D-A8D6-08C812B0BE7B}.Release|x64.ActiveCfg = Release|Any CPU
		{025C322D-035E-437D-A8D6-08C812B0BE7B}.Release|x64.Build.0 = Release|Any CPU
		{025C322D-035E-437D-A8D6-08C812B0BE7B}.Release|x86.ActiveCfg = Release|Any CPU
		{025C322D-035E-437D-A8D6-08C812B0BE7B}.Release|x86.Build.0 = Release|Any CPU
		{0C80B2E4-5E8C-475C-806B-A254A3D149B8}.Debug|Any CPU.ActiveCfg = Debug|Any CPU
		{0C80B2E4-5E8C-475C-806B-A254A3D149B8}.Debug|Any CPU.Build.0 = Debug|Any CPU
		{0C80B2E4-5E8C-475C-806B-A254A3D149B8}.Debug|x64.ActiveCfg = Debug|Any CPU
		{0C80B2E4-5E8C-475C-806B-A254A3D149B8}.Debug|x64.Build.0 = Debug|Any CPU
		{0C80B2E4-5E8C-475C-806B-A254A3D149B8}.Debug|x86.ActiveCfg = Debug|Any CPU
		{0C80B2E4-5E8C-475C-806B-A254A3D149B8}.Debug|x86.Build.0 = Debug|Any CPU
		{0C80B2E4-5E8C-475C-806B-A254A3D149B8}.Release|Any CPU.ActiveCfg = Release|Any CPU
		{0C80B2E4-5E8C-475C-806B-A254A3D149B8}.Release|Any CPU.Build.0 = Release|Any CPU
		{0C80B2E4-5E8C-475C-806B-A254A3D149B8}.Release|x64.ActiveCfg = Release|Any CPU
		{0C80B2E4-5E8C-475C-806B-A254A3D149B8}.Release|x64.Build.0 = Release|Any CPU
		{0C80B2E4-5E8C-475C-806B-A254A3D149B8}.Release|x86.ActiveCfg = Release|Any CPU
		{0C80B2E4-5E8C-475C-806B-A254A3D149B8}.Release|x86.Build.0 = Release|Any CPU
		{DAE8CB8C-5FB8-420D-AFD1-0C92C2C449E4}.Debug|Any CPU.ActiveCfg = Debug|Any CPU
		{DAE8CB8C-5FB8-420D-AFD1-0C92C2C449E4}.Debug|Any CPU.Build.0 = Debug|Any CPU
		{DAE8CB8C-5FB8-420D-AFD1-0C92C2C449E4}.Debug|x64.ActiveCfg = Debug|Any CPU
		{DAE8CB8C-5FB8-420D-AFD1-0C92C2C449E4}.Debug|x64.Build.0 = Debug|Any CPU
		{DAE8CB8C-5FB8-420D-AFD1-0C92C2C449E4}.Debug|x86.ActiveCfg = Debug|Any CPU
		{DAE8CB8C-5FB8-420D-AFD1-0C92C2C449E4}.Debug|x86.Build.0 = Debug|Any CPU
		{DAE8CB8C-5FB8-420D-AFD1-0C92C2C449E4}.Release|Any CPU.ActiveCfg = Release|Any CPU
		{DAE8CB8C-5FB8-420D-AFD1-0C92C2C449E4}.Release|Any CPU.Build.0 = Release|Any CPU
		{DAE8CB8C-5FB8-420D-AFD1-0C92C2C449E4}.Release|x64.ActiveCfg = Release|Any CPU
		{DAE8CB8C-5FB8-420D-AFD1-0C92C2C449E4}.Release|x64.Build.0 = Release|Any CPU
		{DAE8CB8C-5FB8-420D-AFD1-0C92C2C449E4}.Release|x86.ActiveCfg = Release|Any CPU
		{DAE8CB8C-5FB8-420D-AFD1-0C92C2C449E4}.Release|x86.Build.0 = Release|Any CPU
		{188FE53E-D689-4306-A1BB-58CA6F0F67CC}.Debug|Any CPU.ActiveCfg = Debug|Any CPU
		{188FE53E-D689-4306-A1BB-58CA6F0F67CC}.Debug|Any CPU.Build.0 = Debug|Any CPU
		{188FE53E-D689-4306-A1BB-58CA6F0F67CC}.Debug|x64.ActiveCfg = Debug|Any CPU
		{188FE53E-D689-4306-A1BB-58CA6F0F67CC}.Debug|x64.Build.0 = Debug|Any CPU
		{188FE53E-D689-4306-A1BB-58CA6F0F67CC}.Debug|x86.ActiveCfg = Debug|Any CPU
		{188FE53E-D689-4306-A1BB-58CA6F0F67CC}.Debug|x86.Build.0 = Debug|Any CPU
		{188FE53E-D689-4306-A1BB-58CA6F0F67CC}.Release|Any CPU.ActiveCfg = Release|Any CPU
		{188FE53E-D689-4306-A1BB-58CA6F0F67CC}.Release|Any CPU.Build.0 = Release|Any CPU
		{188FE53E-D689-4306-A1BB-58CA6F0F67CC}.Release|x64.ActiveCfg = Release|Any CPU
		{188FE53E-D689-4306-A1BB-58CA6F0F67CC}.Release|x64.Build.0 = Release|Any CPU
		{188FE53E-D689-4306-A1BB-58CA6F0F67CC}.Release|x86.ActiveCfg = Release|Any CPU
		{188FE53E-D689-4306-A1BB-58CA6F0F67CC}.Release|x86.Build.0 = Release|Any CPU
		{0EAE0BC5-2C99-48F1-B1FA-920F118475BE}.Debug|Any CPU.ActiveCfg = Debug|Any CPU
		{0EAE0BC5-2C99-48F1-B1FA-920F118475BE}.Debug|Any CPU.Build.0 = Debug|Any CPU
		{0EAE0BC5-2C99-48F1-B1FA-920F118475BE}.Debug|x64.ActiveCfg = Debug|Any CPU
		{0EAE0BC5-2C99-48F1-B1FA-920F118475BE}.Debug|x64.Build.0 = Debug|Any CPU
		{0EAE0BC5-2C99-48F1-B1FA-920F118475BE}.Debug|x86.ActiveCfg = Debug|Any CPU
		{0EAE0BC5-2C99-48F1-B1FA-920F118475BE}.Debug|x86.Build.0 = Debug|Any CPU
		{0EAE0BC5-2C99-48F1-B1FA-920F118475BE}.Release|Any CPU.ActiveCfg = Release|Any CPU
		{0EAE0BC5-2C99-48F1-B1FA-920F118475BE}.Release|Any CPU.Build.0 = Release|Any CPU
		{0EAE0BC5-2C99-48F1-B1FA-920F118475BE}.Release|x64.ActiveCfg = Release|Any CPU
		{0EAE0BC5-2C99-48F1-B1FA-920F118475BE}.Release|x64.Build.0 = Release|Any CPU
		{0EAE0BC5-2C99-48F1-B1FA-920F118475BE}.Release|x86.ActiveCfg = Release|Any CPU
		{0EAE0BC5-2C99-48F1-B1FA-920F118475BE}.Release|x86.Build.0 = Release|Any CPU
		{56623A76-4FEA-4B22-8C4F-F384D4CE659F}.Debug|Any CPU.ActiveCfg = Debug|Any CPU
		{56623A76-4FEA-4B22-8C4F-F384D4CE659F}.Debug|Any CPU.Build.0 = Debug|Any CPU
		{56623A76-4FEA-4B22-8C4F-F384D4CE659F}.Debug|x64.ActiveCfg = Debug|Any CPU
		{56623A76-4FEA-4B22-8C4F-F384D4CE659F}.Debug|x64.Build.0 = Debug|Any CPU
		{56623A76-4FEA-4B22-8C4F-F384D4CE659F}.Debug|x86.ActiveCfg = Debug|Any CPU
		{56623A76-4FEA-4B22-8C4F-F384D4CE659F}.Debug|x86.Build.0 = Debug|Any CPU
		{56623A76-4FEA-4B22-8C4F-F384D4CE659F}.Release|Any CPU.ActiveCfg = Release|Any CPU
		{56623A76-4FEA-4B22-8C4F-F384D4CE659F}.Release|Any CPU.Build.0 = Release|Any CPU
		{56623A76-4FEA-4B22-8C4F-F384D4CE659F}.Release|x64.ActiveCfg = Release|Any CPU
		{56623A76-4FEA-4B22-8C4F-F384D4CE659F}.Release|x64.Build.0 = Release|Any CPU
		{56623A76-4FEA-4B22-8C4F-F384D4CE659F}.Release|x86.ActiveCfg = Release|Any CPU
		{56623A76-4FEA-4B22-8C4F-F384D4CE659F}.Release|x86.Build.0 = Release|Any CPU
		{BE474B51-884A-4A55-BFEF-1E0DA9F351AE}.Debug|Any CPU.ActiveCfg = Debug|Any CPU
		{BE474B51-884A-4A55-BFEF-1E0DA9F351AE}.Debug|Any CPU.Build.0 = Debug|Any CPU
		{BE474B51-884A-4A55-BFEF-1E0DA9F351AE}.Debug|x64.ActiveCfg = Debug|Any CPU
		{BE474B51-884A-4A55-BFEF-1E0DA9F351AE}.Debug|x64.Build.0 = Debug|Any CPU
		{BE474B51-884A-4A55-BFEF-1E0DA9F351AE}.Debug|x86.ActiveCfg = Debug|Any CPU
		{BE474B51-884A-4A55-BFEF-1E0DA9F351AE}.Debug|x86.Build.0 = Debug|Any CPU
		{BE474B51-884A-4A55-BFEF-1E0DA9F351AE}.Release|Any CPU.ActiveCfg = Release|Any CPU
		{BE474B51-884A-4A55-BFEF-1E0DA9F351AE}.Release|Any CPU.Build.0 = Release|Any CPU
		{BE474B51-884A-4A55-BFEF-1E0DA9F351AE}.Release|x64.ActiveCfg = Release|Any CPU
		{BE474B51-884A-4A55-BFEF-1E0DA9F351AE}.Release|x64.Build.0 = Release|Any CPU
		{BE474B51-884A-4A55-BFEF-1E0DA9F351AE}.Release|x86.ActiveCfg = Release|Any CPU
		{BE474B51-884A-4A55-BFEF-1E0DA9F351AE}.Release|x86.Build.0 = Release|Any CPU
		{B6D4ED0B-7D3A-4EE6-B11C-4DEA18605BD7}.Debug|Any CPU.ActiveCfg = Debug|Any CPU
		{B6D4ED0B-7D3A-4EE6-B11C-4DEA18605BD7}.Debug|Any CPU.Build.0 = Debug|Any CPU
		{B6D4ED0B-7D3A-4EE6-B11C-4DEA18605BD7}.Debug|x64.ActiveCfg = Debug|Any CPU
		{B6D4ED0B-7D3A-4EE6-B11C-4DEA18605BD7}.Debug|x64.Build.0 = Debug|Any CPU
		{B6D4ED0B-7D3A-4EE6-B11C-4DEA18605BD7}.Debug|x86.ActiveCfg = Debug|Any CPU
		{B6D4ED0B-7D3A-4EE6-B11C-4DEA18605BD7}.Debug|x86.Build.0 = Debug|Any CPU
		{B6D4ED0B-7D3A-4EE6-B11C-4DEA18605BD7}.Release|Any CPU.ActiveCfg = Release|Any CPU
		{B6D4ED0B-7D3A-4EE6-B11C-4DEA18605BD7}.Release|Any CPU.Build.0 = Release|Any CPU
		{B6D4ED0B-7D3A-4EE6-B11C-4DEA18605BD7}.Release|x64.ActiveCfg = Release|Any CPU
		{B6D4ED0B-7D3A-4EE6-B11C-4DEA18605BD7}.Release|x64.Build.0 = Release|Any CPU
		{B6D4ED0B-7D3A-4EE6-B11C-4DEA18605BD7}.Release|x86.ActiveCfg = Release|Any CPU
		{B6D4ED0B-7D3A-4EE6-B11C-4DEA18605BD7}.Release|x86.Build.0 = Release|Any CPU
		{CB6E2DB6-1F1A-4568-80E8-D81DA35C1814}.Debug|Any CPU.ActiveCfg = Debug|Any CPU
		{CB6E2DB6-1F1A-4568-80E8-D81DA35C1814}.Debug|Any CPU.Build.0 = Debug|Any CPU
		{CB6E2DB6-1F1A-4568-80E8-D81DA35C1814}.Debug|x64.ActiveCfg = Debug|Any CPU
		{CB6E2DB6-1F1A-4568-80E8-D81DA35C1814}.Debug|x64.Build.0 = Debug|Any CPU
		{CB6E2DB6-1F1A-4568-80E8-D81DA35C1814}.Debug|x86.ActiveCfg = Debug|Any CPU
		{CB6E2DB6-1F1A-4568-80E8-D81DA35C1814}.Debug|x86.Build.0 = Debug|Any CPU
		{CB6E2DB6-1F1A-4568-80E8-D81DA35C1814}.Release|Any CPU.ActiveCfg = Release|Any CPU
		{CB6E2DB6-1F1A-4568-80E8-D81DA35C1814}.Release|Any CPU.Build.0 = Release|Any CPU
		{CB6E2DB6-1F1A-4568-80E8-D81DA35C1814}.Release|x64.ActiveCfg = Release|Any CPU
		{CB6E2DB6-1F1A-4568-80E8-D81DA35C1814}.Release|x64.Build.0 = Release|Any CPU
		{CB6E2DB6-1F1A-4568-80E8-D81DA35C1814}.Release|x86.ActiveCfg = Release|Any CPU
		{CB6E2DB6-1F1A-4568-80E8-D81DA35C1814}.Release|x86.Build.0 = Release|Any CPU
	EndGlobalSection
	GlobalSection(SolutionProperties) = preSolution
		HideSolutionNode = FALSE
	EndGlobalSection
	GlobalSection(NestedProjects) = preSolution
		{81BDC31C-C97D-4762-925D-A3F49B46BE89} = {827E0CD3-B72D-47B6-A68D-7590B98EB39B}
		{E331902B-413A-477B-B655-490593F04FF3} = {827E0CD3-B72D-47B6-A68D-7590B98EB39B}
		{0C85D12E-36DE-4E98-A3C4-240025F527F8} = {827E0CD3-B72D-47B6-A68D-7590B98EB39B}
		{A596DD26-A92C-4177-BFCD-3C0534A7FE85} = {827E0CD3-B72D-47B6-A68D-7590B98EB39B}
		{79411CD8-2A0C-4CEA-AD43-7161EA1CB4B3} = {827E0CD3-B72D-47B6-A68D-7590B98EB39B}
		{025C322D-035E-437D-A8D6-08C812B0BE7B} = {827E0CD3-B72D-47B6-A68D-7590B98EB39B}
		{0C80B2E4-5E8C-475C-806B-A254A3D149B8} = {07D57EEB-2F50-60C4-C011-FE4FA775C9A8}
		{DAE8CB8C-5FB8-420D-AFD1-0C92C2C449E4} = {07D57EEB-2F50-60C4-C011-FE4FA775C9A8}
		{188FE53E-D689-4306-A1BB-58CA6F0F67CC} = {07D57EEB-2F50-60C4-C011-FE4FA775C9A8}
		{0EAE0BC5-2C99-48F1-B1FA-920F118475BE} = {A328B835-4990-6931-34B9-ABE689D5831A}
		{56623A76-4FEA-4B22-8C4F-F384D4CE659F} = {A328B835-4990-6931-34B9-ABE689D5831A}
		{BE474B51-884A-4A55-BFEF-1E0DA9F351AE} = {A328B835-4990-6931-34B9-ABE689D5831A}
		{B6D4ED0B-7D3A-4EE6-B11C-4DEA18605BD7} = {0AB3BF05-4346-4AA6-1389-037BE0695223}
		{CB6E2DB6-1F1A-4568-80E8-D81DA35C1814} = {827E0CD3-B72D-47B6-A68D-7590B98EB39B}
	EndGlobalSection
EndGlobal
